[[package]]
category = "main"
description = "Extension for datetime.time with the main focus on comarison an making sums."
name = "daytime"
optional = false
python-versions = "*"
version = "0.4"

[[package]]
category = "main"
description = "Backported and Experimental Type Hints for Python 3.5+"
name = "typing-extensions"
optional = false
python-versions = "*"
version = "3.10.0.0"

[metadata]
content-hash = "ee49df0aa2da2f2ded9a8bc3603273ca2bf3dea164b7f2153e272ed67795727e"
python-versions = "^3.8"

[metadata.files]
daytime = [
    {file = "daytime-0.4.tar.gz", hash = "sha256:653c2af965966d677db6342e6de20d34a4a9261fe27e33b04a14f0ec74fd567d"},
]
typing-extensions = [
    {file = "typing_extensions-3.10.0.0-py2-none-any.whl", hash = "sha256:0ac0f89795dd19de6b97debb0c6af1c70987fd80a2d62d1958f7e56fcc31b497"},
    {file = "typing_extensions-3.10.0.0-py3-none-any.whl", hash = "sha256:779383f6086d90c99ae41cf0ff39aac8a7937a9283ce0a414e5dd782f4c94a84"},
    {file = "typing_extensions-3.10.0.0.tar.gz", hash = "sha256:50b6f157849174217d0656f99dc82fe932884fb250826c18350e159ec6cdf342"},
]
